
Microsoft Visual Studio Solution File, Format Version 12.00
# Visual Studio Version 17
VisualStudioVersion = 17.2.32616.157
MinimumVisualStudioVersion = 10.0.40219.1
Project("{FAE04EC0-301F-11D3-BF4B-00C04F79EFBC}") = "aula2_6322051", "aula2_6322051.csproj", "{9DE7660F-FEDA-4ED9-B5BE-484A65423EEE}"
EndProject
Global
	GlobalSection(SolutionConfigurationPlatforms) = preSolution
		Debug|Any CPU = Debug|Any CPU
		Release|Any CPU = Release|Any CPU
	EndGlobalSection
	GlobalSection(ProjectConfigurationPlatforms) = postSolution
		{9DE7660F-FEDA-4ED9-B5BE-484A65423EEE}.Debug|Any CPU.ActiveCfg = Debug|Any CPU
		{9DE7660F-FEDA-4ED9-B5BE-484A65423EEE}.Debug|Any CPU.Build.0 = Debug|Any CPU
		{9DE7660F-FEDA-4ED9-B5BE-484A65423EEE}.Release|Any CPU.ActiveCfg = Release|Any CPU
		{9DE7660F-FEDA-4ED9-B5BE-484A65423EEE}.Release|Any CPU.Build.0 = Release|Any CPU
	EndGlobalSection
	GlobalSection(SolutionProperties) = preSolution
		HideSolutionNode = FALSE
	EndGlobalSection
	GlobalSection(ExtensibilityGlobals) = postSolution
		SolutionGuid = {A8F604B2-8ECE-4C39-8A05-40A75D0C4DB6}
	EndGlobalSection
EndGlobal
